
Microsoft Visual Studio Solution File, Format Version 12.00
# Visual Studio Version 16
VisualStudioVersion = 16.0.29609.76
MinimumVisualStudioVersion = 10.0.40219.1
Project("{FAE04EC0-301F-11D3-BF4B-00C04F79EFBC}") = "GestFicWFNF", "GestFicWFNF\GestFicWFNF.csproj", "{BC30D25C-30E6-4673-A767-30E9C2596D8E}"
EndProject
Global
	GlobalSection(SolutionConfigurationPlatforms) = preSolution
		Debug|Any CPU = Debug|Any CPU
		Release|Any CPU = Release|Any CPU
	EndGlobalSection
	GlobalSection(ProjectConfigurationPlatforms) = postSolution
		{BC30D25C-30E6-4673-A767-30E9C2596D8E}.Debug|Any CPU.ActiveCfg = Debug|Any CPU
		{BC30D25C-30E6-4673-A767-30E9C2596D8E}.Debug|Any CPU.Build.0 = Debug|Any CPU
		{BC30D25C-30E6-4673-A767-30E9C2596D8E}.Release|Any CPU.ActiveCfg = Release|Any CPU
		{BC30D25C-30E6-4673-A767-30E9C2596D8E}.Release|Any CPU.Build.0 = Release|Any CPU
	EndGlobalSection
	GlobalSection(SolutionProperties) = preSolution
		HideSolutionNode = FALSE
	EndGlobalSection
	GlobalSection(ExtensibilityGlobals) = postSolution
		SolutionGuid = {62BFE919-FB85-4FE0-93B6-FC69FC42EC5C}
	EndGlobalSection
EndGlobal
